
Microsoft Visual Studio Solution File, Format Version 12.00
# Visual Studio Version 17
VisualStudioVersion = 17.3.32519.111
MinimumVisualStudioVersion = 10.0.40219.1
Project("{9A19103F-16F7-4668-BE54-9A1E7A4F7556}") = "xunit.runners.maui", "xunit.runners.maui\xunit.runners.maui.csproj", "{B2A25F6A-20F9-4806-9B6B-AC671E4F0B37}"
EndProject
Project("{9A19103F-16F7-4668-BE54-9A1E7A4F7556}") = "Sample", "Sample\Sample.csproj", "{9841E822-C0ED-43F9-A73F-7101CB23BB19}"
EndProject
Project("{2150E333-8FDC-42A3-9474-1A3956D46DE8}") = "Solution Items", "Solution Items", "{38108C7D-345C-4078-8877-E19900D2F47F}"
	ProjectSection(SolutionItems) = preProject
		.github\workflows\build.yml = .github\workflows\build.yml
		nuget.png = nuget.png
		README.md = README.md
		version.json = version.json
		nuget.config = nuget.config
	EndProjectSection
EndProject
Global
	GlobalSection(SolutionConfigurationPlatforms) = preSolution
		Debug|Any CPU = Debug|Any CPU
		Release|Any CPU = Release|Any CPU
	EndGlobalSection
	GlobalSection(ProjectConfigurationPlatforms) = postSolution
		{B2A25F6A-20F9-4806-9B6B-AC671E4F0B37}.Debug|Any CPU.ActiveCfg = Debug|Any CPU
		{B2A25F6A-20F9-4806-9B6B-AC671E4F0B37}.Debug|Any CPU.Build.0 = Debug|Any CPU
		{B2A25F6A-20F9-4806-9B6B-AC671E4F0B37}.Release|Any CPU.ActiveCfg = Release|Any CPU
		{B2A25F6A-20F9-4806-9B6B-AC671E4F0B37}.Release|Any CPU.Build.0 = Release|Any CPU
		{9841E822-C0ED-43F9-A73F-7101CB23BB19}.Debug|Any CPU.ActiveCfg = Debug|Any CPU
		{9841E822-C0ED-43F9-A73F-7101CB23BB19}.Debug|Any CPU.Build.0 = Debug|Any CPU
		{9841E822-C0ED-43F9-A73F-7101CB23BB19}.Debug|Any CPU.Deploy.0 = Debug|Any CPU
		{9841E822-C0ED-43F9-A73F-7101CB23BB19}.Release|Any CPU.ActiveCfg = Release|Any CPU
		{9841E822-C0ED-43F9-A73F-7101CB23BB19}.Release|Any CPU.Build.0 = Release|Any CPU
	EndGlobalSection
	GlobalSection(SolutionProperties) = preSolution
		HideSolutionNode = FALSE
	EndGlobalSection
	GlobalSection(ExtensibilityGlobals) = postSolution
		SolutionGuid = {B2AC8189-4147-42C1-9F36-4BCBA0177117}
	EndGlobalSection
EndGlobal
